
Microsoft Visual Studio Solution File, Format Version 12.00
# Visual Studio 15
Project("{FAE04EC0-301F-11D3-BF4B-00C04F79EFBC}") = "Assembly-CSharp", "Assembly-CSharp.csproj", "{7BF96BDE-7242-DC06-ED23-BBC7BD339AEA}"
EndProject
Project("{FAE04EC0-301F-11D3-BF4B-00C04F79EFBC}") = "Assembly-CSharp-Editor", "Assembly-CSharp-Editor.csproj", "{7C055DBB-1EF2-D824-E2AD-4249AC385C44}"
EndProject
Global
	GlobalSection(SolutionConfigurationPlatforms) = preSolution
		Debug|Any CPU = Debug|Any CPU
		Release|Any CPU = Release|Any CPU
	EndGlobalSection
	GlobalSection(ProjectConfigurationPlatforms) = postSolution
		{7BF96BDE-7242-DC06-ED23-BBC7BD339AEA}.Debug|Any CPU.ActiveCfg = Debug|Any CPU
		{7BF96BDE-7242-DC06-ED23-BBC7BD339AEA}.Debug|Any CPU.Build.0 = Debug|Any CPU
		{7BF96BDE-7242-DC06-ED23-BBC7BD339AEA}.Release|Any CPU.ActiveCfg = Release|Any CPU
		{7BF96BDE-7242-DC06-ED23-BBC7BD339AEA}.Release|Any CPU.Build.0 = Release|Any CPU
		{7C055DBB-1EF2-D824-E2AD-4249AC385C44}.Debug|Any CPU.ActiveCfg = Debug|Any CPU
		{7C055DBB-1EF2-D824-E2AD-4249AC385C44}.Debug|Any CPU.Build.0 = Debug|Any CPU
		{7C055DBB-1EF2-D824-E2AD-4249AC385C44}.Release|Any CPU.ActiveCfg = Release|Any CPU
		{7C055DBB-1EF2-D824-E2AD-4249AC385C44}.Release|Any CPU.Build.0 = Release|Any CPU
	EndGlobalSection
	GlobalSection(SolutionProperties) = preSolution
		HideSolutionNode = FALSE
	EndGlobalSection
EndGlobal
